{
  "name": "demo",
  "version": "1.0.0",
  "lockfileVersion": 1,
  "requires": true,
  "dependencies": {
    "@types/jquery": {
      "version": "1.10.35",
      "resolved": "https://registry.npmjs.org/@types/jquery/-/jquery-1.10.35.tgz",
      "integrity": "sha512-SVtqEcudm7yjkTwoRA1gC6CNMhGDdMx4Pg8BPdiqI7bXXdCn1BPmtxgeWYQOgDxrq53/5YTlhq5ULxBEAlWIBg==",
      "dev": true
    },
    "@vue/cli-plugin-babel": {
      "version": "3.2.2",
      "resolved": "https://registry.npmjs.org/@vue/cli-plugin-babel/-/cli-plugin-babel-3.2.2.tgz",
      "integrity": "sha512-ya2UbXs3+Ac/qxnrdChhtM/0JBNifpeO05jL83Q31d3P+AHGp9psqVLHTdB9zReuHri5OAXSGUg1wpQUYNZyYQ==",
      "dev": true
    },
    "@vue/cli-plugin-eslint": {
      "version": "3.2.2",
      "resolved": "https://registry.npmjs.org/@vue/cli-plugin-eslint/-/cli-plugin-eslint-3.2.2.tgz",
      "integrity": "sha512-usaTfKjMq7mGkUyTkgoGT36XLnfWjbxTAK00Hl46u3Iz24/ACapS9/p5O+uMv2Lj7epYWV+C36g72agzRrMP9A==",
      "dev": true,
      "dependencies": {
        "ajv": {
          "version": "5.5.2",
          "resolved": "https://registry.npmjs.org/ajv/-/ajv-5.5.2.tgz",
          "integrity": "sha1-c7Xuyj+rZT49P5Qis0GtQiBdyWU="
        },
        "cross-spawn": {
          "version": "5.1.0",
          "resolved": "https://registry.npmjs.org/cross-spawn/-/cross-spawn-5.1.0.tgz",
          "integrity": "sha1-6L0O/uWPz/b4+UUQoKVUu/ojVEk="
        },
        "debug": {
          "version": "3.2.6",
          "resolved": "https://registry.npmjs.org/debug/-/debug-3.2.6.tgz",
          "integrity": "sha512-mel+jf7nrtEl5Pn1Qx46zARXKDpBbvzezse7p7LqINmdoIk8PYP5SySaxEmYv6TZ0JyEKA1hsCId6DIhgITtWQ=="
        },
        "eslint": {
          "version": "4.19.1",
          "resolved": "http://registry.npmjs.org/eslint/-/eslint-4.19.1.tgz",
          "integrity": "sha512-bT3/1x1EbZB7phzYu7vCr1v3ONuzDtX8WjuM9c0iYxe+cq+pwcKEoQjl7zd3RpC6YOLgnSy3cTN58M2jcoPDIQ=="
        },
        "eslint-plugin-vue": {
          "version": "4.7.1",
          "resolved": "https://registry.npmjs.org/eslint-plugin-vue/-/eslint-plugin-vue-4.7.1.tgz",
          "integrity": "sha512-esETKhVMI7Vdli70Wt4bvAwnZBJeM0pxVX9Yb0wWKxdCJc2EADalVYK/q2FzMw8oKN0wPMdqVCKS8kmR89recA=="
        },
        "fast-deep-equal": {
          "version": "1.1.0",
          "resolved": "http://registry.npmjs.org/fast-deep-equal/-/fast-deep-equal-1.1.0.tgz",
          "integrity": "sha1-wFNHeBfIa1HaqFPIHgWbcz0CNhQ="
        },
        "json-schema-traverse": {
          "version": "0.3.1",
          "resolved": "https://registry.npmjs.org/json-schema-traverse/-/json-schema-traverse-0.3.1.tgz",
          "integrity": "sha1-NJptRMU6Ud6JtAgFxdXlm0F9M0A="
        }
      }
    },
    "@vue/cli-service": {
      "version": "3.2.2",
      "resolved": "https://registry.npmjs.org/@vue/cli-service/-/cli-service-3.2.2.tgz",
      "integrity": "sha512-fk5DE/9HFWPfuOT0nLiidaIpJsf3GRwQtv+aNTnYiA7TIOEvbrDeQZyBlgzAFqruyaTobfy6EKl0pQM6BSlaMQ==",
      "dev": true,
      "dependencies": {
        "@vue/cli-shared-utils": {
          "version": "3.2.2",
          "resolved": "https://registry.npmjs.org/@vue/cli-shared-utils/-/cli-shared-utils-3.2.2.tgz",
          "integrity": "sha512-pkJDucxDxSnmhN3/zgyvKXDFJDx42sfAdNo02mRYPhv3u2tqJW4/GR0X1/O8p4+LUNwBgtGNmDAACYoLzv101Q=="
        },
        "acorn": {
          "version": "6.0.4",
          "resolved": "https://registry.npmjs.org/acorn/-/acorn-6.0.4.tgz",
          "integrity": "sha512-VY4i5EKSKkofY2I+6QLTbTTN/UvEQPCo6eiwzzSaSWfpaDhOmStMCMod6wmuPciNq+XS0faCglFu2lHZpdHUtg=="
        },
        "hoek": {
          "version": "6.1.2",
          "resolved": "https://registry.npmjs.org/hoek/-/hoek-6.1.2.tgz",
          "integrity": "sha512-6qhh/wahGYZHFSFw12tBbJw5fsAhhwrrG/y3Cs0YMTv2WzMnL0oLPnQJjv1QJvEfylRSOFuP+xCu+tdx0tD16Q=="
        },
        "joi": {
          "version": "14.3.1",
          "resolved": "https://registry.npmjs.org/joi/-/joi-14.3.1.tgz",
          "integrity": "sha512-LQDdM+pkOrpAn4Lp+neNIFV3axv1Vna3j38bisbQhETPMANYRbFJFUyOZcOClYvM/hppMhGWuKSFEK9vjrB+bQ=="
        },
        "lru-cache": {
          "version": "5.1.1",
          "resolved": "https://registry.npmjs.org/lru-cache/-/lru-cache-5.1.1.tgz",
          "integrity": "sha512-KpNARQA3Iwv+jTA0utUVVbrh+Jlrr1Fv0e56GGzAFOXN7dk/FviaDW8LHmK52DlcH4WP2n6gI8vN1aesBFgo9w=="
        },
        "ora": {
          "version": "3.0.0",
          "resolved": "https://registry.npmjs.org/ora/-/ora-3.0.0.tgz",
          "integrity": "sha512-LBS97LFe2RV6GJmXBi6OKcETKyklHNMV0xw7BtsVn2MlsgsydyZetSCbCANr+PFLmDyv4KV88nn0eCKza665Mg=="
        },
        "slash": {
          "version": "2.0.0",
          "resolved": "https://registry.npmjs.org/slash/-/slash-2.0.0.tgz",
          "integrity": "sha512-ZYKh3Wh2z1PpEXWr0MpSBZ0V6mZHAQfYevttO11c51CaWjGTaadiKZ+wVt1PbMlDV5qhMFslpZCemhwOK7C89A=="
        },
        "vue-loader": {
          "version": "15.6.2",
          "resolved": "https://registry.npmjs.org/vue-loader/-/vue-loader-15.6.2.tgz",
          "integrity": "sha512-T6fONodj861M3PqZ1jlbUFjeezbUnPRY2bd+3eZuDvYADgkN3VFU2H5feqySNg9XBt8rcbyBGmFWTZtrOX+v5w=="
        },
        "yallist": {
          "version": "3.0.3",
          "resolved": "https://registry.npmjs.org/yallist/-/yallist-3.0.3.tgz",
          "integrity": "sha512-S+Zk8DEWE6oKpV+vI3qWkaK+jSbIK86pCwe2IF/xwIpQ8jEuxpw9NyaGjmp9+BoJv5FV2piqCDcoCtStppiq2A=="
        }
      }
    },
    "axios": {
      "version": "0.18.1",
      "resolved": "https://registry.npmjs.org/axios/-/axios-0.18.1.tgz",
      "integrity": "sha512-0BfJq4NSfQXd+SkFdrvFbG7addhYSBA2mQwISr46pD6E5iqkWg02RAs8vyTT/j0RTnoYmeXauBuSv1qKwR179g==",
      "requires": {
        "follow-redirects": "1.5.10",
        "is-buffer": "^2.0.2"
      },
      "dependencies": {
        "debug": {
          "version": "3.1.0",
          "resolved": "https://registry.npmjs.org/debug/-/debug-3.1.0.tgz",
          "integrity": "sha512-OX8XqP7/1a9cqkxYw2yXss15f26NKWBpDXQd0/uK/KPqdQhxbPa994hnzjcE2VqQpDslf55723cKPUOGSmMY3g==",
          "requires": {
            "ms": "2.0.0"
          }
        },
        "follow-redirects": {
          "version": "1.5.10",
          "resolved": "https://registry.npmjs.org/follow-redirects/-/follow-redirects-1.5.10.tgz",
          "integrity": "sha512-0V5l4Cizzvqt5D44aTXbFZz+FtyXV1vrDN6qrelxtfYQKW0KO0W2T/hkE8xvGa/540LkZlkaUjO4ailYTFtHVQ==",
          "requires": {
            "debug": "=3.1.0"
          }
        },
        "is-buffer": {
          "version": "2.0.4",
          "resolved": "https://registry.npmjs.org/is-buffer/-/is-buffer-2.0.4.tgz",
          "integrity": "sha512-Kq1rokWXOPXWuaMAqZiJW4XxsmD9zGx9q4aePabbn3qCRGedtH7Cm+zV8WETitMfu1wdh+Rvd6w5egwSngUX2A=="
        },
        "ms": {
          "version": "2.0.0",
          "resolved": "https://registry.npmjs.org/ms/-/ms-2.0.0.tgz",
          "integrity": "sha1-VgiurfwAvmwpAd9fmGF4jeDVl8g="
        }
      }
    },
    "babel-eslint": {
      "version": "10.0.1",
      "resolved": "http://registry.npm.taobao.org/babel-eslint/download/babel-eslint-10.0.1.tgz",
      "integrity": "sha1-kZaB3AmWFM19MdRciQhpUJKh+u0=",
      "dev": true
    },
    "copy-text-to-clipboard": {
      "version": "1.0.4",
      "resolved": "https://registry.npmjs.org/copy-text-to-clipboard/-/copy-text-to-clipboard-1.0.4.tgz",
      "integrity": "sha512-4hDE+0bgqm4G/nXnt91CP3rc0vOptaePPU5WfVZuhv2AYNJogdLHR4pF1XPgXDAGY4QCzj9pD7zKATa+50sQPg=="
    },
    "eslint": {
      "version": "5.11.1",
      "resolved": "http://registry.npm.taobao.org/eslint/download/eslint-5.11.1.tgz",
      "integrity": "sha1-je2oPbnzVL+dP1P5Z3r34OE+rdo=",
      "dev": true,
      "dependencies": {
        "acorn": {
          "version": "6.0.4",
          "resolved": "http://registry.npm.taobao.org/acorn/download/acorn-6.0.4.tgz",
          "integrity": "sha1-dzd+c1O3LsUQRVCqLSCXov1At1Q="
        },
        "acorn-jsx": {
          "version": "5.0.1",
          "resolved": "http://registry.npm.taobao.org/acorn-jsx/download/acorn-jsx-5.0.1.tgz",
          "integrity": "sha1-MqBk/ZJUKSFqCbFBECv90YX65A4="
        },
        "ansi-regex": {
          "version": "4.0.0",
          "resolved": "http://registry.npm.taobao.org/ansi-regex/download/ansi-regex-4.0.0.tgz",
          "integrity": "sha1-cN55Ht8CFATD/WFaqJEYrgQy5ak="
        },
        "chardet": {
          "version": "0.7.0",
          "resolved": "http://registry.npm.taobao.org/chardet/download/chardet-0.7.0.tgz",
          "integrity": "sha1-kAlISfCTfy7twkJdDSip5fDLrZ4="
        },
        "eslint-scope": {
          "version": "4.0.0",
          "resolved": "http://registry.npm.taobao.org/eslint-scope/download/eslint-scope-4.0.0.tgz",
          "integrity": "sha1-UL8wcekzi83EMzF5Sgy1M/ATYXI="
        },
        "espree": {
          "version": "5.0.0",
          "resolved": "http://registry.npm.taobao.org/espree/download/espree-5.0.0.tgz",
          "integrity": "sha1-/H+YS2Kzag9UOxP7nNe59Kf1tlw="
        },
        "external-editor": {
          "version": "3.0.3",
          "resolved": "http://registry.npm.taobao.org/external-editor/download/external-editor-3.0.3.tgz",
          "integrity": "sha1-WGbbKal4Jtvkvzr9JAcOrZ6kOic="
        },
        "ignore": {
          "version": "4.0.6",
          "resolved": "http://registry.npm.taobao.org/ignore/download/ignore-4.0.6.tgz",
          "integrity": "sha1-dQ49tYYgh7RzfrrIIH/9HvJ7Jfw="
        },
        "inquirer": {
          "version": "6.2.1",
          "resolved": "http://registry.npm.taobao.org/inquirer/download/inquirer-6.2.1.tgz",
          "integrity": "sha1-mUP8SIIWG9sLDJJ2dpx1sy2/zVI=",
          "dependencies": {
            "strip-ansi": {
              "version": "5.0.0",
              "resolved": "http://registry.npm.taobao.org/strip-ansi/download/strip-ansi-5.0.0.tgz",
              "integrity": "sha1-949otdCGbCCyybjGG1KYUI3IdW8="
            }
          }
        },
        "regexpp": {
          "version": "2.0.1",
          "resolved": "http://registry.npm.taobao.org/regexpp/download/regexpp-2.0.1.tgz",
          "integrity": "sha1-jRnTHPYySCtYkEn4KB+T28uk0H8="
        },
        "slice-ansi": {
          "version": "2.0.0",
          "resolved": "http://registry.npm.taobao.org/slice-ansi/download/slice-ansi-2.0.0.tgz",
          "integrity": "sha1-U3O9uFWbRWduhUHGaRbN1iUWEuc="
        },
        "table": {
          "version": "5.1.1",
          "resolved": "http://registry.npm.taobao.org/table/download/table-5.1.1.tgz",
          "integrity": "sha1-kgMBkvG3tRtu6rI+1BaGLke3CDc="
        }
      }
    },
    "eslint-plugin-vue": {
      "version": "5.0.0",
      "resolved": "http://registry.npm.taobao.org/eslint-plugin-vue/download/eslint-plugin-vue-5.0.0.tgz",
      "integrity": "sha1-SizBwOcepF4b2cGmD5Jb/mi7VxA=",
      "dev": true,
      "dependencies": {
        "acorn": {
          "version": "6.0.4",
          "resolved": "http://registry.npm.taobao.org/acorn/download/acorn-6.0.4.tgz",
          "integrity": "sha1-dzd+c1O3LsUQRVCqLSCXov1At1Q="
        },
        "acorn-jsx": {
          "version": "5.0.1",
          "resolved": "http://registry.npm.taobao.org/acorn-jsx/download/acorn-jsx-5.0.1.tgz",
          "integrity": "sha1-MqBk/ZJUKSFqCbFBECv90YX65A4="
        },
        "eslint-scope": {
          "version": "4.0.0",
          "resolved": "http://registry.npm.taobao.org/eslint-scope/download/eslint-scope-4.0.0.tgz",
          "integrity": "sha1-UL8wcekzi83EMzF5Sgy1M/ATYXI="
        },
        "espree": {
          "version": "4.1.0",
          "resolved": "http://registry.npm.taobao.org/espree/download/espree-4.1.0.tgz",
          "integrity": "sha1-co1UUeD9FWwEOEp62J7VH/VOsl8="
        },
        "vue-eslint-parser": {
          "version": "4.0.3",
          "resolved": "http://registry.npm.taobao.org/vue-eslint-parser/download/vue-eslint-parser-4.0.3.tgz",
          "integrity": "sha1-gM8WLkhDh7JkA3GtIbofhuDBCmE="
        }
      }
    },
    "install": {
      "version": "0.12.2",
      "resolved": "https://registry.npmjs.org/install/-/install-0.12.2.tgz",
      "integrity": "sha512-+7thTb4Rpvs9mnlhHKGZFJbGOO6kyMgy+gg0sgM5vFzIFK0wrCYXqdlaM71Bi289DTuPHf61puMFsaZBcwDIrg=="
    },
    "js-cookie": {
      "version": "2.2.0",
      "resolved": "https://registry.npmjs.org/js-cookie/-/js-cookie-2.2.0.tgz",
      "integrity": "sha1-Gywnmm7s44ChIWi5JIUmWzWx7/s="
    },
    "normalize.css": {
      "version": "8.0.1",
      "resolved": "https://registry.npmjs.org/normalize.css/-/normalize.css-8.0.1.tgz",
      "integrity": "sha512-qizSNPO93t1YUuUhP22btGOo3chcvDFqFaj2TRybP0DMxkHOCTYwp3n34fel4a31ORXy4m1Xq0Gyqpb5m33qIg=="
    },
    "qrcode": {
      "version": "1.3.2",
      "resolved": "https://registry.npmjs.org/qrcode/-/qrcode-1.3.2.tgz",
      "integrity": "sha512-sYo+Tf7nx14YZSNPqnyEWefVrjUEpM4/NxOrxOk+jcQ9NhM2LCNuzGmQctDhGTQdO2YJorKY55dypx+hvVo5jw==",
      "dependencies": {
        "ansi-regex": {
          "version": "2.1.1",
          "resolved": "https://registry.npmjs.org/ansi-regex/-/ansi-regex-2.1.1.tgz",
          "integrity": "sha1-w7M6te42DYbg5ijwRorn7yfWVN8="
        },
        "cliui": {
          "version": "3.2.0",
          "resolved": "https://registry.npmjs.org/cliui/-/cliui-3.2.0.tgz",
          "integrity": "sha1-EgYBU3qRbSmUD5NNo7SNWFo5IT0=",
          "dependencies": {
            "string-width": {
              "version": "1.0.2",
              "resolved": "http://registry.npmjs.org/string-width/-/string-width-1.0.2.tgz",
              "integrity": "sha1-EYvfW4zcUaKn5w0hHgfisLmxB9M="
            }
          }
        },
        "cross-spawn": {
          "version": "5.1.0",
          "resolved": "https://registry.npmjs.org/cross-spawn/-/cross-spawn-5.1.0.tgz",
          "integrity": "sha1-6L0O/uWPz/b4+UUQoKVUu/ojVEk="
        },
        "decamelize": {
          "version": "1.2.0",
          "resolved": "https://registry.npmjs.org/decamelize/-/decamelize-1.2.0.tgz",
          "integrity": "sha1-9lNNFRSCabIDUue+4m9QH5oZEpA="
        },
        "execa": {
          "version": "0.7.0",
          "resolved": "https://registry.npmjs.org/execa/-/execa-0.7.0.tgz",
          "integrity": "sha1-lEvs00zEHuMqY6n68nrVpl/Fl3c="
        },
        "get-stream": {
          "version": "3.0.0",
          "resolved": "https://registry.npmjs.org/get-stream/-/get-stream-3.0.0.tgz",
          "integrity": "sha1-jpQ9E1jcN1VQVOy+LtsFqhdO3hQ="
        },
        "invert-kv": {
          "version": "1.0.0",
          "resolved": "https://registry.npmjs.org/invert-kv/-/invert-kv-1.0.0.tgz",
          "integrity": "sha1-EEqOSqym09jNFXqO+L+rLXo//bY="
        },
        "is-fullwidth-code-point": {
          "version": "1.0.0",
          "resolved": "https://registry.npmjs.org/is-fullwidth-code-point/-/is-fullwidth-code-point-1.0.0.tgz",
          "integrity": "sha1-754xOG8DGn8NZDr4L95QxFfvAMs="
        },
        "isarray": {
          "version": "2.0.4",
          "resolved": "https://registry.npmjs.org/isarray/-/isarray-2.0.4.tgz",
          "integrity": "sha512-GMxXOiUirWg1xTKRipM0Ek07rX+ubx4nNVElTJdNLYmNO/2YrDkgJGw9CljXn+r4EWiDQg/8lsRdHyg2PJuUaA=="
        },
        "lcid": {
          "version": "1.0.0",
          "resolved": "https://registry.npmjs.org/lcid/-/lcid-1.0.0.tgz",
          "integrity": "sha1-MIrMr6C8SDo4Z7S28rlQYlHRuDU="
        },
        "load-json-file": {
          "version": "2.0.0",
          "resolved": "http://registry.npmjs.org/load-json-file/-/load-json-file-2.0.0.tgz",
          "integrity": "sha1-eUfkIUmvgNaWy/eXvKq8/h/inKg="
        },
        "mem": {
          "version": "1.1.0",
          "resolved": "https://registry.npmjs.org/mem/-/mem-1.1.0.tgz",
          "integrity": "sha1-Xt1StIXKHZAP5kiVUFOZoN+kX3Y="
        },
        "os-locale": {
          "version": "2.1.0",
          "resolved": "https://registry.npmjs.org/os-locale/-/os-locale-2.1.0.tgz",
          "integrity": "sha512-3sslG3zJbEYcaC4YVAvDorjGxc7tv6KVATnLPZONiljsUncvihe9BQoVCEs0RZ1kmf4Hk9OBqlZfJZWI4GanKA=="
        },
        "parse-json": {
          "version": "2.2.0",
          "resolved": "https://registry.npmjs.org/parse-json/-/parse-json-2.2.0.tgz",
          "integrity": "sha1-9ID0BDTvgHQfhGkJn43qGPVaTck="
        },
        "path-type": {
          "version": "2.0.0",
          "resolved": "https://registry.npmjs.org/path-type/-/path-type-2.0.0.tgz",
          "integrity": "sha1-8BLMuEFbcJb8LaoQVMPXI4lZTHM="
        },
        "pify": {
          "version": "2.3.0",
          "resolved": "http://registry.npmjs.org/pify/-/pify-2.3.0.tgz",
          "integrity": "sha1-7RQaasBDqEnqWISY59yosVMw6Qw="
        },
        "read-pkg": {
          "version": "2.0.0",
          "resolved": "https://registry.npmjs.org/read-pkg/-/read-pkg-2.0.0.tgz",
          "integrity": "sha1-jvHAYjxqbbDcZxPEv6xGMysjaPg="
        },
        "read-pkg-up": {
          "version": "2.0.0",
          "resolved": "https://registry.npmjs.org/read-pkg-up/-/read-pkg-up-2.0.0.tgz",
          "integrity": "sha1-a3KoBImE4MQeeVEP1en6mbO1Sb4="
        },
        "strip-ansi": {
          "version": "3.0.1",
          "resolved": "http://registry.npmjs.org/strip-ansi/-/strip-ansi-3.0.1.tgz",
          "integrity": "sha1-ajhfuIU9lS1f8F0Oiq+UJ43GPc8="
        },
        "strip-bom": {
          "version": "3.0.0",
          "resolved": "https://registry.npmjs.org/strip-bom/-/strip-bom-3.0.0.tgz",
          "integrity": "sha1-IzTBjpx1n3vdVv3vfprj1YjmjtM="
        },
        "y18n": {
          "version": "3.2.1",
          "resolved": "https://registry.npmjs.org/y18n/-/y18n-3.2.1.tgz",
          "integrity": "sha1-bRX7qITAhnnA136I53WegR4H+kE="
        },
        "yargs": {
          "version": "8.0.2",
          "resolved": "https://registry.npmjs.org/yargs/-/yargs-8.0.2.tgz",
          "integrity": "sha1-YpmpBVsc78lp/355wdkY3Osiw2A="
        },
        "yargs-parser": {
          "version": "7.0.0",
          "resolved": "https://registry.npmjs.org/yargs-parser/-/yargs-parser-7.0.0.tgz",
          "integrity": "sha1-jQrELxbqVd69MyyvTEA4s+P139k="
        }
      }
    },
    "qs": {
      "version": "6.6.0",
      "resolved": "https://registry.npmjs.org/qs/-/qs-6.6.0.tgz",
      "integrity": "sha512-KIJqT9jQJDQx5h5uAVPimw6yVg2SekOKu959OCtktD3FjzbpvaPr8i4zzg07DOMz+igA4W/aNM7OV8H37pFYfA=="
    },
    "vconsole": {
      "version": "3.2.0",
      "resolved": "https://registry.npmjs.org/vconsole/-/vconsole-3.2.0.tgz",
      "integrity": "sha512-lgSoSdMOfRJCDGaiO1LXiWz4oAgIvNJpaewtEVrzCPEOKWSUOQnLYCEALseaeJsL7Pqv7A2v7msik/vhcOvDQQ=="
    },
    "vue": {
      "version": "2.5.21",
      "resolved": "http://registry.npm.taobao.org/vue/download/vue-2.5.21.tgz",
      "integrity": "sha1-PTPc0Du4E5Es6JSoMDq1U2mcSoU="
    },
    "vue-lazyload": {
      "version": "1.2.6",
      "resolved": "https://registry.npmjs.org/vue-lazyload/-/vue-lazyload-1.2.6.tgz",
      "integrity": "sha512-6a61+pzwcfowhLRQiPdmRuJ40n/4fL/sEynu8KQZoCf5RVA0NH0X68vplLY0+lUM8mKNScYomaepV+hdjgnZhg=="
    },
    "vue-loader": {
      "version": "14.2.2",
      "resolved": "https://registry.npmjs.org/vue-loader/-/vue-loader-14.2.2.tgz",
      "integrity": "sha512-SehrPGsxSssZXQoR7DTAm2oMBiJxV+xTIX5BUxc+qFsNo0iIj01tzAMXWt0PD5hjoNCXdS5Bq1KLRy7WaMdkKg==",
      "dev": true,
      "dependencies": {
        "cosmiconfig": {
          "version": "2.2.2",
          "resolved": "https://registry.npmjs.org/cosmiconfig/-/cosmiconfig-2.2.2.tgz",
          "integrity": "sha512-GiNXLwAFPYHy25XmTPpafYvn3CLAkJ8FLsscq78MQd1Kh0OU6Yzhn4eV2MVF4G9WEQZoWEGltatdR+ntGPMl5A=="
        },
        "parse-json": {
          "version": "2.2.0",
          "resolved": "https://registry.npmjs.org/parse-json/-/parse-json-2.2.0.tgz",
          "integrity": "sha1-9ID0BDTvgHQfhGkJn43qGPVaTck="
        },
        "postcss": {
          "version": "6.0.23",
          "resolved": "https://registry.npmjs.org/postcss/-/postcss-6.0.23.tgz",
          "integrity": "sha512-soOk1h6J3VMTZtVeVpv15/Hpdl2cBLX3CAw4TAbkpTJiNPk9YP/zWcD1ND+xEtvyuuvKzbxliTOIyvkSeSJ6ag=="
        },
        "postcss-load-config": {
          "version": "1.2.0",
          "resolved": "https://registry.npmjs.org/postcss-load-config/-/postcss-load-config-1.2.0.tgz",
          "integrity": "sha1-U56a/J3chiASHr+djDZz4M5Q0oo="
        },
        "postcss-selector-parser": {
          "version": "2.2.3",
          "resolved": "https://registry.npmjs.org/postcss-selector-parser/-/postcss-selector-parser-2.2.3.tgz",
          "integrity": "sha1-+UN3iGBsPJrO4W/+jYsWKX8nu5A="
        },
        "require-from-string": {
          "version": "1.2.1",
          "resolved": "https://registry.npmjs.org/require-from-string/-/require-from-string-1.2.1.tgz",
          "integrity": "sha1-UpyczvJzgK3+yaL5ZbZJu+5jZBg="
        },
        "source-map": {
          "version": "0.6.1",
          "resolved": "https://registry.npmjs.org/source-map/-/source-map-0.6.1.tgz",
          "integrity": "sha512-UjgapumWlbMhkBgzT7Ykc5YXUT46F0iKu8SGXq0bcwP5dz/h0Plj6enJqjz1Zbq2l5WaqYnrVbwWOWMyF3F47g=="
        }
      }
    },
    "vue-meta": {
      "version": "1.5.8",
      "resolved": "https://registry.npmjs.org/vue-meta/-/vue-meta-1.5.8.tgz",
      "integrity": "sha512-cF/ADL1kA8Gn6wfSx0+kYIPAmJ49y9R0QlMS9tg5ddDDZWaZMZ0rveFWaTOKr0eabUV/H3D9ip68Xt9f5SFbyA==",
      "dependencies": {
        "deepmerge": {
          "version": "3.0.0",
          "resolved": "https://registry.npmjs.org/deepmerge/-/deepmerge-3.0.0.tgz",
          "integrity": "sha512-a8z8bkgHsAML+uHLqmMS83HHlpy3PvZOOuiTQqaa3wu8ZVg3h0hqHk6aCsGdOnZV2XMM/FRimNGjUh0KCcmHBw=="
        }
      }
    },
    "vue-router": {
      "version": "3.0.2",
      "resolved": "http://registry.npm.taobao.org/vue-router/download/vue-router-3.0.2.tgz",
      "integrity": "sha1-3txnr+bE4rwlaCyLHCqMDXx+Vr4="
    },
    "vue-scroller": {
      "version": "2.2.4",
      "resolved": "https://registry.npmjs.org/vue-scroller/-/vue-scroller-2.2.4.tgz",
      "integrity": "sha1-wopQ8uXs161g5Dzk6484iG/3sc8="
    },
    "vue-template-compiler": {
      "version": "2.5.21",
      "resolved": "http://registry.npm.taobao.org/vue-template-compiler/download/vue-template-compiler-2.5.21.tgz",
      "integrity": "sha1-pXzrkDF36PZDVgqNY5oPjbZHBUo=",
      "dev": true
    },
    "vuex": {
      "version": "3.0.1",
      "resolved": "http://registry.npm.taobao.org/vuex/download/vuex-3.0.1.tgz",
      "integrity": "sha1-52E1Lr4K9TfUu3Vam53Evj3379I="
    }
  }
}
